
Microsoft Visual Studio Solution File, Format Version 12.00
# Visual Studio 2013
VisualStudioVersion = 12.0.21005.1
MinimumVisualStudioVersion = 10.0.40219.1
Project("{F184B08F-C81C-45F6-A57F-5ABD9991F28F}") = "FxToExcel", "FxToExcel\FxToExcel.vbproj", "{28D02B65-243A-455B-ACF4-9E686DEB9448}"
EndProject
Global
	GlobalSection(SolutionConfigurationPlatforms) = preSolution
		Debug|Any CPU = Debug|Any CPU
		Release|Any CPU = Release|Any CPU
	EndGlobalSection
	GlobalSection(ProjectConfigurationPlatforms) = postSolution
		{28D02B65-243A-455B-ACF4-9E686DEB9448}.Debug|Any CPU.ActiveCfg = Debug|Any CPU
		{28D02B65-243A-455B-ACF4-9E686DEB9448}.Debug|Any CPU.Build.0 = Debug|Any CPU
		{28D02B65-243A-455B-ACF4-9E686DEB9448}.Release|Any CPU.ActiveCfg = Release|Any CPU
		{28D02B65-243A-455B-ACF4-9E686DEB9448}.Release|Any CPU.Build.0 = Release|Any CPU
	EndGlobalSection
	GlobalSection(SolutionProperties) = preSolution
		HideSolutionNode = FALSE
	EndGlobalSection
EndGlobal
